
Microsoft Visual Studio Solution File, Format Version 12.00
# Visual Studio 15
VisualStudioVersion = 15.0.28010.2026
MinimumVisualStudioVersion = 10.0.40219.1
Project("{FAE04EC0-301F-11D3-BF4B-00C04F79EFBC}") = "FirstVariable", "FirstVariable\FirstVariable.csproj", "{BE2B1007-B8A3-4ADD-A151-E91DAD23D943}"
EndProject
Global
	GlobalSection(SolutionConfigurationPlatforms) = preSolution
		Debug|Any CPU = Debug|Any CPU
		Release|Any CPU = Release|Any CPU
	EndGlobalSection
	GlobalSection(ProjectConfigurationPlatforms) = postSolution
		{BE2B1007-B8A3-4ADD-A151-E91DAD23D943}.Debug|Any CPU.ActiveCfg = Debug|Any CPU
		{BE2B1007-B8A3-4ADD-A151-E91DAD23D943}.Debug|Any CPU.Build.0 = Debug|Any CPU
		{BE2B1007-B8A3-4ADD-A151-E91DAD23D943}.Release|Any CPU.ActiveCfg = Release|Any CPU
		{BE2B1007-B8A3-4ADD-A151-E91DAD23D943}.Release|Any CPU.Build.0 = Release|Any CPU
	EndGlobalSection
	GlobalSection(SolutionProperties) = preSolution
		HideSolutionNode = FALSE
	EndGlobalSection
	GlobalSection(ExtensibilityGlobals) = postSolution
		SolutionGuid = {7806CA43-79DB-4D19-AEC0-9773237A9D0C}
	EndGlobalSection
EndGlobal
