
Microsoft Visual Studio Solution File, Format Version 12.00
# Visual Studio 15
VisualStudioVersion = 15.0.28010.2026
MinimumVisualStudioVersion = 10.0.40219.1
Project("{FAE04EC0-301F-11D3-BF4B-00C04F79EFBC}") = "DataTybes_CharStringboolTybes", "DataTybes_CharStringboolTybes\DataTybes_CharStringboolTybes.csproj", "{CD245CF7-3BE7-42BD-9816-502CCF212738}"
EndProject
Global
	GlobalSection(SolutionConfigurationPlatforms) = preSolution
		Debug|Any CPU = Debug|Any CPU
		Release|Any CPU = Release|Any CPU
	EndGlobalSection
	GlobalSection(ProjectConfigurationPlatforms) = postSolution
		{CD245CF7-3BE7-42BD-9816-502CCF212738}.Debug|Any CPU.ActiveCfg = Debug|Any CPU
		{CD245CF7-3BE7-42BD-9816-502CCF212738}.Debug|Any CPU.Build.0 = Debug|Any CPU
		{CD245CF7-3BE7-42BD-9816-502CCF212738}.Release|Any CPU.ActiveCfg = Release|Any CPU
		{CD245CF7-3BE7-42BD-9816-502CCF212738}.Release|Any CPU.Build.0 = Release|Any CPU
	EndGlobalSection
	GlobalSection(SolutionProperties) = preSolution
		HideSolutionNode = FALSE
	EndGlobalSection
	GlobalSection(ExtensibilityGlobals) = postSolution
		SolutionGuid = {C8DCF25B-9ACD-4BB6-9E80-CEEDF4A3ED75}
	EndGlobalSection
EndGlobal
