
Microsoft Visual Studio Solution File, Format Version 12.00
# Visual Studio 15
VisualStudioVersion = 15.0.28010.2026
MinimumVisualStudioVersion = 10.0.40219.1
Project("{FAE04EC0-301F-11D3-BF4B-00C04F79EFBC}") = "Literal_characters", "Literal_characters\Literal_characters.csproj", "{0567C566-8DE3-4124-AE1E-DF6F87A0EB66}"
EndProject
Global
	GlobalSection(SolutionConfigurationPlatforms) = preSolution
		Debug|Any CPU = Debug|Any CPU
		Release|Any CPU = Release|Any CPU
	EndGlobalSection
	GlobalSection(ProjectConfigurationPlatforms) = postSolution
		{0567C566-8DE3-4124-AE1E-DF6F87A0EB66}.Debug|Any CPU.ActiveCfg = Debug|Any CPU
		{0567C566-8DE3-4124-AE1E-DF6F87A0EB66}.Debug|Any CPU.Build.0 = Debug|Any CPU
		{0567C566-8DE3-4124-AE1E-DF6F87A0EB66}.Release|Any CPU.ActiveCfg = Release|Any CPU
		{0567C566-8DE3-4124-AE1E-DF6F87A0EB66}.Release|Any CPU.Build.0 = Release|Any CPU
	EndGlobalSection
	GlobalSection(SolutionProperties) = preSolution
		HideSolutionNode = FALSE
	EndGlobalSection
	GlobalSection(ExtensibilityGlobals) = postSolution
		SolutionGuid = {7DAF7C84-23D1-4E25-B86F-F966F9860832}
	EndGlobalSection
EndGlobal
